// !$*UTF8*$!
{
	archiveVersion = 1;
	classes = {
	};
	objectVersion = 46;
	objects = {

/* Begin PBXBuildFile section */
		40E4CB721D8FAB0F0006989C /* AppDelegate.swift in Sources */ = {isa = PBXBuildFile; fileRef = 40E4CB711D8FAB0F0006989C /* AppDelegate.swift */; };
		40E4CB741D8FAB0F0006989C /* HomeViewController.swift in Sources */ = {isa = PBXBuildFile; fileRef = 40E4CB731D8FAB0F0006989C /* HomeViewController.swift */; };
		40E4CB771D8FAB0F0006989C /* Main.storyboard in Resources */ = {isa = PBXBuildFile; fileRef = 40E4CB751D8FAB0F0006989C /* Main.storyboard */; };
		40E4CB791D8FAB0F0006989C /* Assets.xcassets in Resources */ = {isa = PBXBuildFile; fileRef = 40E4CB781D8FAB0F0006989C /* Assets.xcassets */; };
		40E4CB7C1D8FAB0F0006989C /* LaunchScreen.storyboard in Resources */ = {isa = PBXBuildFile; fileRef = 40E4CB7A1D8FAB0F0006989C /* LaunchScreen.storyboard */; };
		40E4CB871D8FAB0F0006989C /* Friend_FinderTests.swift in Sources */ = {isa = PBXBuildFile; fileRef = 40E4CB861D8FAB0F0006989C /* Friend_FinderTests.swift */; };
		40E4CB921D8FAB0F0006989C /* Friend_FinderUITests.swift in Sources */ = {isa = PBXBuildFile; fileRef = 40E4CB911D8FAB0F0006989C /* Friend_FinderUITests.swift */; };
/* End PBXBuildFile section */

/* Begin PBXContainerItemProxy section */
		40E4CB831D8FAB0F0006989C /* PBXContainerItemProxy */ = {
			isa = PBXContainerItemProxy;
			containerPortal = 40E4CB661D8FAB0F0006989C /* Project object */;
			proxyType = 1;
			remoteGlobalIDString = 40E4CB6D1D8FAB0F0006989C;
			remoteInfo = "Friend Finder";
		};
		40E4CB8E1D8FAB0F0006989C /* PBXContainerItemProxy */ = {
			isa = PBXContainerItemProxy;
			containerPortal = 40E4CB661D8FAB0F0006989C /* Project object */;
			proxyType = 1;
			remoteGlobalIDString = 40E4CB6D1D8FAB0F0006989C;
			remoteInfo = "Friend Finder";
		};
/* End PBXContainerItemProxy section */

/* Begin PBXFileReference section */
		40E4CB6E1D8FAB0F0006989C /* Friend-Finder.app */ = {isa = PBXFileReference; explicitFileType = wrapper.application; includeInIndex = 0; path = "Friend-Finder.app"; sourceTree = BUILT_PRODUCTS_DIR; };
		40E4CB711D8FAB0F0006989C /* AppDelegate.swift */ = {isa = PBXFileReference; lastKnownFileType = sourcecode.swift; path = AppDelegate.swift; sourceTree = "<group>"; };
		40E4CB731D8FAB0F0006989C /* HomeViewController.swift */ = {isa = PBXFileReference; lastKnownFileType = sourcecode.swift; path = HomeViewController.swift; sourceTree = "<group>"; };
		40E4CB761D8FAB0F0006989C /* Base */ = {isa = PBXFileReference; lastKnownFileType = file.storyboard; name = Base; path = Base.lproj/Main.storyboard; sourceTree = "<group>"; };
		40E4CB781D8FAB0F0006989C /* Assets.xcassets */ = {isa = PBXFileReference; lastKnownFileType = folder.assetcatalog; path = Assets.xcassets; sourceTree = "<group>"; };
		40E4CB7B1D8FAB0F0006989C /* Base */ = {isa = PBXFileReference; lastKnownFileType = file.storyboard; name = Base; path = Base.lproj/LaunchScreen.storyboard; sourceTree = "<group>"; };
		40E4CB7D1D8FAB0F0006989C /* Info.plist */ = {isa = PBXFileReference; lastKnownFileType = text.plist.xml; path = Info.plist; sourceTree = "<group>"; };
		40E4CB821D8FAB0F0006989C /* Friend-Finder.xctest */ = {isa = PBXFileReference; explicitFileType = wrapper.cfbundle; includeInIndex = 0; path = "Friend-Finder.xctest"; sourceTree = BUILT_PRODUCTS_DIR; };
		40E4CB861D8FAB0F0006989C /* Friend_FinderTests.swift */ = {isa = PBXFileReference; lastKnownFileType = sourcecode.swift; path = Friend_FinderTests.swift; sourceTree = "<group>"; };
		40E4CB881D8FAB0F0006989C /* Info.plist */ = {isa = PBXFileReference; lastKnownFileType = text.plist.xml; path = Info.plist; sourceTree = "<group>"; };
		40E4CB8D1D8FAB0F0006989C /* Friend-Finder.xctest */ = {isa = PBXFileReference; explicitFileType = wrapper.cfbundle; includeInIndex = 0; path = "Friend-Finder.xctest"; sourceTree = BUILT_PRODUCTS_DIR; };
		40E4CB911D8FAB0F0006989C /* Friend_FinderUITests.swift */ = {isa = PBXFileReference; lastKnownFileType = sourcecode.swift; path = Friend_FinderUITests.swift; sourceTree = "<group>"; };
		40E4CB931D8FAB0F0006989C /* Info.plist */ = {isa = PBXFileReference; lastKnownFileType = text.plist.xml; path = Info.plist; sourceTree = "<group>"; };
/* End PBXFileReference section */

/* Begin PBXFrameworksBuildPhase section */
		40E4CB6B1D8FAB0F0006989C /* Frameworks */ = {
			isa = PBXFrameworksBuildPhase;
			buildActionMask = 2147483647;
			files = (
			);
			runOnlyForDeploymentPostprocessing = 0;
		};
		40E4CB7F1D8FAB0F0006989C /* Frameworks */ = {
			isa = PBXFrameworksBuildPhase;
			buildActionMask = 2147483647;
			files = (
			);
			runOnlyForDeploymentPostprocessing = 0;
		};
		40E4CB8A1D8FAB0F0006989C /* Frameworks */ = {
			isa = PBXFrameworksBuildPhase;
			buildActionMask = 2147483647;
			files = (
			);
			runOnlyForDeploymentPostprocessing = 0;
		};
/* End PBXFrameworksBuildPhase section */

/* Begin PBXGroup section */
		40E4CB651D8FAB0F0006989C = {
			isa = PBXGroup;
			children = (
				40E4CB701D8FAB0F0006989C /* Friend-Finder */,
				40E4CB851D8FAB0F0006989C /* Friend-FinderTests */,
				40E4CB901D8FAB0F0006989C /* Friend-FinderUITests */,
				40E4CB6F1D8FAB0F0006989C /* Products */,
			);
			sourceTree = "<group>";
		};
		40E4CB6F1D8FAB0F0006989C /* Products */ = {
			isa = PBXGroup;
			children = (
				40E4CB6E1D8FAB0F0006989C /* Friend-Finder.app */,
				40E4CB821D8FAB0F0006989C /* Friend-Finder.xctest */,
				40E4CB8D1D8FAB0F0006989C /* Friend-Finder.xctest */,
			);
			name = Products;
			sourceTree = "<group>";
		};
		40E4CB701D8FAB0F0006989C /* Friend-Finder */ = {
			isa = PBXGroup;
			children = (
				40E4CB711D8FAB0F0006989C /* AppDelegate.swift */,
				40E4CB731D8FAB0F0006989C /* HomeViewController.swift */,
				40E4CB751D8FAB0F0006989C /* Main.storyboard */,
				40E4CB781D8FAB0F0006989C /* Assets.xcassets */,
				40E4CB7A1D8FAB0F0006989C /* LaunchScreen.storyboard */,
				40E4CB7D1D8FAB0F0006989C /* Info.plist */,
			);
			name = "Friend-Finder";
			path = "Friend Finder";
			sourceTree = "<group>";
		};
		40E4CB851D8FAB0F0006989C /* Friend-FinderTests */ = {
			isa = PBXGroup;
			children = (
				40E4CB861D8FAB0F0006989C /* Friend_FinderTests.swift */,
				40E4CB881D8FAB0F0006989C /* Info.plist */,
			);
			name = "Friend-FinderTests";
			path = "Friend FinderTests";
			sourceTree = "<group>";
		};
		40E4CB901D8FAB0F0006989C /* Friend-FinderUITests */ = {
			isa = PBXGroup;
			children = (
				40E4CB911D8FAB0F0006989C /* Friend_FinderUITests.swift */,
				40E4CB931D8FAB0F0006989C /* Info.plist */,
			);
			name = "Friend-FinderUITests";
			path = "Friend FinderUITests";
			sourceTree = "<group>";
		};
/* End PBXGroup section */

/* Begin PBXNativeTarget section */
		40E4CB6D1D8FAB0F0006989C /* Friend-Finder */ = {
			isa = PBXNativeTarget;
			buildConfigurationList = 40E4CB961D8FAB0F0006989C /* Build configuration list for PBXNativeTarget "Friend-Finder" */;
			buildPhases = (
				40E4CB6A1D8FAB0F0006989C /* Sources */,
				40E4CB6B1D8FAB0F0006989C /* Frameworks */,
				40E4CB6C1D8FAB0F0006989C /* Resources */,
			);
			buildRules = (
			);
			dependencies = (
			);
			name = "Friend-Finder";
			productName = "Friend Finder";
			productReference = 40E4CB6E1D8FAB0F0006989C /* Friend-Finder.app */;
			productType = "com.apple.product-type.application";
		};
		40E4CB811D8FAB0F0006989C /* Friend-FinderTests */ = {
			isa = PBXNativeTarget;
			buildConfigurationList = 40E4CB991D8FAB0F0006989C /* Build configuration list for PBXNativeTarget "Friend-FinderTests" */;
			buildPhases = (
				40E4CB7E1D8FAB0F0006989C /* Sources */,
				40E4CB7F1D8FAB0F0006989C /* Frameworks */,
				40E4CB801D8FAB0F0006989C /* Resources */,
			);
			buildRules = (
			);
			dependencies = (
				40E4CB841D8FAB0F0006989C /* PBXTargetDependency */,
			);
			name = "Friend-FinderTests";
			productName = "Friend FinderTests";
			productReference = 40E4CB821D8FAB0F0006989C /* Friend-Finder.xctest */;
			productType = "com.apple.product-type.bundle.unit-test";
		};
		40E4CB8C1D8FAB0F0006989C /* Friend-FinderUITests */ = {
			isa = PBXNativeTarget;
			buildConfigurationList = 40E4CB9C1D8FAB0F0006989C /* Build configuration list for PBXNativeTarget "Friend-FinderUITests" */;
			buildPhases = (
				40E4CB891D8FAB0F0006989C /* Sources */,
				40E4CB8A1D8FAB0F0006989C /* Frameworks */,
				40E4CB8B1D8FAB0F0006989C /* Resources */,
			);
			buildRules = (
			);
			dependencies = (
				40E4CB8F1D8FAB0F0006989C /* PBXTargetDependency */,
			);
			name = "Friend-FinderUITests";
			productName = "Friend FinderUITests";
			productReference = 40E4CB8D1D8FAB0F0006989C /* Friend-Finder.xctest */;
			productType = "com.apple.product-type.bundle.ui-testing";
		};
/* End PBXNativeTarget section */

/* Begin PBXProject section */
		40E4CB661D8FAB0F0006989C /* Project object */ = {
			isa = PBXProject;
			attributes = {
				LastSwiftUpdateCheck = 0730;
				LastUpgradeCheck = 0730;
				ORGANIZATIONNAME = "No Name Software";
				TargetAttributes = {
					40E4CB6D1D8FAB0F0006989C = {
						CreatedOnToolsVersion = 7.3.1;
						LastSwiftMigration = 0800;
					};
					40E4CB811D8FAB0F0006989C = {
						CreatedOnToolsVersion = 7.3.1;
						LastSwiftMigration = 0800;
						TestTargetID = 40E4CB6D1D8FAB0F0006989C;
					};
					40E4CB8C1D8FAB0F0006989C = {
						CreatedOnToolsVersion = 7.3.1;
						TestTargetID = 40E4CB6D1D8FAB0F0006989C;
					};
				};
			};
			buildConfigurationList = 40E4CB691D8FAB0F0006989C /* Build configuration list for PBXProject "Friend-Finder" */;
			compatibilityVersion = "Xcode 3.2";
			developmentRegion = English;
			hasScannedForEncodings = 0;
			knownRegions = (
				en,
				Base,
			);
			mainGroup = 40E4CB651D8FAB0F0006989C;
			productRefGroup = 40E4CB6F1D8FAB0F0006989C /* Products */;
			projectDirPath = "";
			projectRoot = "";
			targets = (
				40E4CB6D1D8FAB0F0006989C /* Friend-Finder */,
				40E4CB811D8FAB0F0006989C /* Friend-FinderTests */,
				40E4CB8C1D8FAB0F0006989C /* Friend-FinderUITests */,
			);
		};
/* End PBXProject section */

/* Begin PBXResourcesBuildPhase section */
		40E4CB6C1D8FAB0F0006989C /* Resources */ = {
			isa = PBXResourcesBuildPhase;
			buildActionMask = 2147483647;
			files = (
				40E4CB7C1D8FAB0F0006989C /* LaunchScreen.storyboard in Resources */,
				40E4CB791D8FAB0F0006989C /* Assets.xcassets in Resources */,
				40E4CB771D8FAB0F0006989C /* Main.storyboard in Resources */,
			);
			runOnlyForDeploymentPostprocessing = 0;
		};
		40E4CB801D8FAB0F0006989C /* Resources */ = {
			isa = PBXResourcesBuildPhase;
			buildActionMask = 2147483647;
			files = (
			);
			runOnlyForDeploymentPostprocessing = 0;
		};
		40E4CB8B1D8FAB0F0006989C /* Resources */ = {
			isa = PBXResourcesBuildPhase;
			buildActionMask = 2147483647;
			files = (
			);
			runOnlyForDeploymentPostprocessing = 0;
		};
/* End PBXResourcesBuildPhase section */

/* Begin PBXSourcesBuildPhase section */
		40E4CB6A1D8FAB0F0006989C /* Sources */ = {
			isa = PBXSourcesBuildPhase;
			buildActionMask = 2147483647;
			files = (
				40E4CB741D8FAB0F0006989C /* HomeViewController.swift in Sources */,
				40E4CB721D8FAB0F0006989C /* AppDelegate.swift in Sources */,
			);
			runOnlyForDeploymentPostprocessing = 0;
		};
		40E4CB7E1D8FAB0F0006989C /* Sources */ = {
			isa = PBXSourcesBuildPhase;
			buildActionMask = 2147483647;
			files = (
				40E4CB871D8FAB0F0006989C /* Friend_FinderTests.swift in Sources */,
			);
			runOnlyForDeploymentPostprocessing = 0;
		};
		40E4CB891D8FAB0F0006989C /* Sources */ = {
			isa = PBXSourcesBuildPhase;
			buildActionMask = 2147483647;
			files = (
				40E4CB921D8FAB0F0006989C /* Friend_FinderUITests.swift in Sources */,
			);
			runOnlyForDeploymentPostprocessing = 0;
		};
/* End PBXSourcesBuildPhase section */

/* Begin PBXTargetDependency section */
		40E4CB841D8FAB0F0006989C /* PBXTargetDependency */ = {
			isa = PBXTargetDependency;
			target = 40E4CB6D1D8FAB0F0006989C /* Friend-Finder */;
			targetProxy = 40E4CB831D8FAB0F0006989C /* PBXContainerItemProxy */;
		};
		40E4CB8F1D8FAB0F0006989C /* PBXTargetDependency */ = {
			isa = PBXTargetDependency;
			target = 40E4CB6D1D8FAB0F0006989C /* Friend-Finder */;
			targetProxy = 40E4CB8E1D8FAB0F0006989C /* PBXContainerItemProxy */;
		};
/* End PBXTargetDependency section */

/* Begin PBXVariantGroup section */
		40E4CB751D8FAB0F0006989C /* Main.storyboard */ = {
			isa = PBXVariantGroup;
			children = (
				40E4CB761D8FAB0F0006989C /* Base */,
			);
			name = Main.storyboard;
			sourceTree = "<group>";
		};
		40E4CB7A1D8FAB0F0006989C /* LaunchScreen.storyboard */ = {
			isa = PBXVariantGroup;
			children = (
				40E4CB7B1D8FAB0F0006989C /* Base */,
			);
			name = LaunchScreen.storyboard;
			sourceTree = "<group>";
		};
/* End PBXVariantGroup section */

/* Begin XCBuildConfiguration section */
		40E4CB941D8FAB0F0006989C /* Debug */ = {
			isa = XCBuildConfiguration;
			buildSettings = {
				ALWAYS_SEARCH_USER_PATHS = NO;
				CLANG_ANALYZER_NONNULL = YES;
				CLANG_CXX_LANGUAGE_STANDARD = "gnu++0x";
				CLANG_CXX_LIBRARY = "libc++";
				CLANG_ENABLE_MODULES = YES;
				CLANG_ENABLE_OBJC_ARC = YES;
				CLANG_WARN_BOOL_CONVERSION = YES;
				CLANG_WARN_CONSTANT_CONVERSION = YES;
				CLANG_WARN_DIRECT_OBJC_ISA_USAGE = YES_ERROR;
				CLANG_WARN_EMPTY_BODY = YES;
				CLANG_WARN_ENUM_CONVERSION = YES;
				CLANG_WARN_INT_CONVERSION = YES;
				CLANG_WARN_OBJC_ROOT_CLASS = YES_ERROR;
				CLANG_WARN_UNREACHABLE_CODE = YES;
				CLANG_WARN__DUPLICATE_METHOD_MATCH = YES;
				"CODE_SIGN_IDENTITY[sdk=iphoneos*]" = "iPhone Developer";
				COPY_PHASE_STRIP = NO;
				DEBUG_INFORMATION_FORMAT = dwarf;
				ENABLE_STRICT_OBJC_MSGSEND = YES;
				ENABLE_TESTABILITY = YES;
				GCC_C_LANGUAGE_STANDARD = gnu99;
				GCC_DYNAMIC_NO_PIC = NO;
				GCC_NO_COMMON_BLOCKS = YES;
				GCC_OPTIMIZATION_LEVEL = 0;
				GCC_PREPROCESSOR_DEFINITIONS = (
					"DEBUG=1",
					"$(inherited)",
				);
				GCC_WARN_64_TO_32_BIT_CONVERSION = YES;
				GCC_WARN_ABOUT_RETURN_TYPE = YES_ERROR;
				GCC_WARN_UNDECLARED_SELECTOR = YES;
				GCC_WARN_UNINITIALIZED_AUTOS = YES_AGGRESSIVE;
				GCC_WARN_UNUSED_FUNCTION = YES;
				GCC_WARN_UNUSED_VARIABLE = YES;
				IPHONEOS_DEPLOYMENT_TARGET = 9.3;
				MTL_ENABLE_DEBUG_INFO = YES;
				ONLY_ACTIVE_ARCH = YES;
				SDKROOT = iphoneos;
				SWIFT_OPTIMIZATION_LEVEL = "-Onone";
				TARGETED_DEVICE_FAMILY = "1,2";
			};
			name = Debug;
		};
		40E4CB951D8FAB0F0006989C /* Release */ = {
			isa = XCBuildConfiguration;
			buildSettings = {
				ALWAYS_SEARCH_USER_PATHS = NO;
				CLANG_ANALYZER_NONNULL = YES;
				CLANG_CXX_LANGUAGE_STANDARD = "gnu++0x";
				CLANG_CXX_LIBRARY = "libc++";
				CLANG_ENABLE_MODULES = YES;
				CLANG_ENABLE_OBJC_ARC = YES;
				CLANG_WARN_BOOL_CONVERSION = YES;
				CLANG_WARN_CONSTANT_CONVERSION = YES;
				CLANG_WARN_DIRECT_OBJC_ISA_USAGE = YES_ERROR;
				CLANG_WARN_EMPTY_BODY = YES;
				CLANG_WARN_ENUM_CONVERSION = YES;
				CLANG_WARN_INT_CONVERSION = YES;
				CLANG_WARN_OBJC_ROOT_CLASS = YES_ERROR;
				CLANG_WARN_UNREACHABLE_CODE = YES;
				CLANG_WARN__DUPLICATE_METHOD_MATCH = YES;
				"CODE_SIGN_IDENTITY[sdk=iphoneos*]" = "iPhone Developer";
				COPY_PHASE_STRIP = NO;
				DEBUG_INFORMATION_FORMAT = "dwarf-with-dsym";
				ENABLE_NS_ASSERTIONS = NO;
				ENABLE_STRICT_OBJC_MSGSEND = YES;
				GCC_C_LANGUAGE_STANDARD = gnu99;
				GCC_NO_COMMON_BLOCKS = YES;
				GCC_WARN_64_TO_32_BIT_CONVERSION = YES;
				GCC_WARN_ABOUT_RETURN_TYPE = YES_ERROR;
				GCC_WARN_UNDECLARED_SELECTOR = YES;
				GCC_WARN_UNINITIALIZED_AUTOS = YES_AGGRESSIVE;
				GCC_WARN_UNUSED_FUNCTION = YES;
				GCC_WARN_UNUSED_VARIABLE = YES;
				IPHONEOS_DEPLOYMENT_TARGET = 9.3;
				MTL_ENABLE_DEBUG_INFO = NO;
				SDKROOT = iphoneos;
				TARGETED_DEVICE_FAMILY = "1,2";
				VALIDATE_PRODUCT = YES;
			};
			name = Release;
		};
		40E4CB971D8FAB0F0006989C /* Debug */ = {
			isa = XCBuildConfiguration;
			buildSettings = {
				ASSETCATALOG_COMPILER_APPICON_NAME = AppIcon;
				INFOPLIST_FILE = "Friend Finder/Info.plist";
				LD_RUNPATH_SEARCH_PATHS = "$(inherited) @executable_path/Frameworks";
				PRODUCT_BUNDLE_IDENTIFIER = "com.nns.Friend-Finder";
				PRODUCT_NAME = "Friend-Finder";
				SWIFT_VERSION = 3.0;
			};
			name = Debug;
		};
		40E4CB981D8FAB0F0006989C /* Release */ = {
			isa = XCBuildConfiguration;
			buildSettings = {
				ASSETCATALOG_COMPILER_APPICON_NAME = AppIcon;
				INFOPLIST_FILE = "Friend Finder/Info.plist";
				LD_RUNPATH_SEARCH_PATHS = "$(inherited) @executable_path/Frameworks";
				PRODUCT_BUNDLE_IDENTIFIER = "com.nns.Friend-Finder";
				PRODUCT_NAME = "Friend-Finder";
				SWIFT_VERSION = 3.0;
			};
			name = Release;
		};
		40E4CB9A1D8FAB0F0006989C /* Debug */ = {
			isa = XCBuildConfiguration;
			buildSettings = {
				BUNDLE_LOADER = "$(TEST_HOST)";
				INFOPLIST_FILE = "Friend FinderTests/Info.plist";
				LD_RUNPATH_SEARCH_PATHS = "$(inherited) @executable_path/Frameworks @loader_path/Frameworks";
				PRODUCT_BUNDLE_IDENTIFIER = "com.nns.Friend-FinderTests";
				PRODUCT_NAME = "Friend-Finder";
				SWIFT_VERSION = 3.0;
				TEST_HOST = "$(BUILT_PRODUCTS_DIR)/Friend-Finder.app/Friend-Finder";
			};
			name = Debug;
		};
		40E4CB9B1D8FAB0F0006989C /* Release */ = {
			isa = XCBuildConfiguration;
			buildSettings = {
				BUNDLE_LOADER = "$(TEST_HOST)";
				INFOPLIST_FILE = "Friend FinderTests/Info.plist";
				LD_RUNPATH_SEARCH_PATHS = "$(inherited) @executable_path/Frameworks @loader_path/Frameworks";
				PRODUCT_BUNDLE_IDENTIFIER = "com.nns.Friend-FinderTests";
				PRODUCT_NAME = "Friend-Finder";
				SWIFT_VERSION = 3.0;
				TEST_HOST = "$(BUILT_PRODUCTS_DIR)/Friend-Finder.app/Friend-Finder";
			};
			name = Release;
		};
		40E4CB9D1D8FAB0F0006989C /* Debug */ = {
			isa = XCBuildConfiguration;
			buildSettings = {
				INFOPLIST_FILE = "Friend FinderUITests/Info.plist";
				LD_RUNPATH_SEARCH_PATHS = "$(inherited) @executable_path/Frameworks @loader_path/Frameworks";
				PRODUCT_BUNDLE_IDENTIFIER = "com.nns.Friend-FinderUITests";
				PRODUCT_NAME = "Friend-Finder";
				TEST_TARGET_NAME = "Friend Finder";
			};
			name = Debug;
		};
		40E4CB9E1D8FAB0F0006989C /* Release */ = {
			isa = XCBuildConfiguration;
			buildSettings = {
				INFOPLIST_FILE = "Friend FinderUITests/Info.plist";
				LD_RUNPATH_SEARCH_PATHS = "$(inherited) @executable_path/Frameworks @loader_path/Frameworks";
				PRODUCT_BUNDLE_IDENTIFIER = "com.nns.Friend-FinderUITests";
				PRODUCT_NAME = "Friend-Finder";
				TEST_TARGET_NAME = "Friend Finder";
			};
			name = Release;
		};
/* End XCBuildConfiguration section */

/* Begin XCConfigurationList section */
		40E4CB691D8FAB0F0006989C /* Build configuration list for PBXProject "Friend-Finder" */ = {
			isa = XCConfigurationList;
			buildConfigurations = (
				40E4CB941D8FAB0F0006989C /* Debug */,
				40E4CB951D8FAB0F0006989C /* Release */,
			);
			defaultConfigurationIsVisible = 0;
			defaultConfigurationName = Release;
		};
		40E4CB961D8FAB0F0006989C /* Build configuration list for PBXNativeTarget "Friend-Finder" */ = {
			isa = XCConfigurationList;
			buildConfigurations = (
				40E4CB971D8FAB0F0006989C /* Debug */,
				40E4CB981D8FAB0F0006989C /* Release */,
			);
			defaultConfigurationIsVisible = 0;
			defaultConfigurationName = Release;
		};
		40E4CB991D8FAB0F0006989C /* Build configuration list for PBXNativeTarget "Friend-FinderTests" */ = {
			isa = XCConfigurationList;
			buildConfigurations = (
				40E4CB9A1D8FAB0F0006989C /* Debug */,
				40E4CB9B1D8FAB0F0006989C /* Release */,
			);
			defaultConfigurationIsVisible = 0;
			defaultConfigurationName = Release;
		};
		40E4CB9C1D8FAB0F0006989C /* Build configuration list for PBXNativeTarget "Friend-FinderUITests" */ = {
			isa = XCConfigurationList;
			buildConfigurations = (
				40E4CB9D1D8FAB0F0006989C /* Debug */,
				40E4CB9E1D8FAB0F0006989C /* Release */,
			);
			defaultConfigurationIsVisible = 0;
			defaultConfigurationName = Release;
		};
/* End XCConfigurationList section */
	};
	rootObject = 40E4CB661D8FAB0F0006989C /* Project object */;
}
